<Solution>
  <Folder Name="/Task0/">
    <Project Path="Tyuiu.TinkovSS.Sprint0.Task0.1V0/Tyuiu.TinkovSS.Sprint0.Task0.V0.csproj" Id="35496b02-ff13-4086-8c17-1848c6af5ddc" />
  </Folder>
  <Folder Name="/Task1/">
    <Project Path="Tyuiu.TinkovSS.Sprint0.Task10.V0/Tyuiu.TinkovSS.Sprint0.Task1.V0.csproj" Id="086862e2-f89b-4a4b-b2c8-da641cb8c711" />
  </Folder>
</Solution>
